{
    "name": "ZendeskMigration",
    "version": "0.0.1",
    "lockfileVersion": 1,
    "requires": true,
    "dependencies": {
        "@types/color-name": {
            "version": "1.1.1",
            "resolved": "https://registry.npmjs.org/@types/color-name/-/color-name-1.1.1.tgz",
            "integrity": "sha512-rr+OQyAjxze7GgWrSaJwydHStIhHq2lvY3BOC2Mj7KnzI7XK0Uw1TOOdI9lDoajEbSWLiYgoo4f1R51erQfhPQ=="
        },
        "ajv": {
            "version": "6.10.2",
            "resolved": "https://registry.npmjs.org/ajv/-/ajv-6.10.2.tgz",
            "integrity": "sha512-TXtUUEYHuaTEbLZWIKUr5pmBuhDLy+8KYtPYdcV8qC+pOZL+NKqYwvWSRrVXHn+ZmRRAu8vJTAznH7Oag6RVRw==",
            "requires": {
                "fast-deep-equal": "2.0.1",
                "fast-json-stable-stringify": "2.0.0",
                "json-schema-traverse": "0.4.1",
                "uri-js": "4.2.2"
            }
        },
        "align-text": {
            "version": "0.1.4",
            "resolved": "https://registry.npmjs.org/align-text/-/align-text-0.1.4.tgz",
            "integrity": "sha1-DNkKVhCT810KmSVsIrcGlDP60Rc=",
            "requires": {
                "kind-of": "3.2.2",
                "longest": "1.0.1",
                "repeat-string": "1.6.1"
            }
        },
        "ansi-regex": {
            "version": "5.0.0",
            "resolved": "https://registry.npmjs.org/ansi-regex/-/ansi-regex-5.0.0.tgz",
            "integrity": "sha512-bY6fj56OUQ0hU1KjFNDQuJFezqKdrAyFdIevADiqrWHwSlbmBNMHp5ak2f40Pm8JTFyM2mqxkG6ngkHO11f/lg=="
        },
        "ansi-styles": {
            "version": "4.2.0",
            "resolved": "https://registry.npmjs.org/ansi-styles/-/ansi-styles-4.2.0.tgz",
            "integrity": "sha512-7kFQgnEaMdRtwf6uSfUnVr9gSGC7faurn+J/Mv90/W+iTtN0405/nLdopfMWwchyxhbGYl6TC4Sccn9TUkGAgg==",
            "requires": {
                "@types/color-name": "1.1.1",
                "color-convert": "2.0.1"
            }
        },
        "argparse": {
            "version": "1.0.10",
            "resolved": "https://registry.npmjs.org/argparse/-/argparse-1.0.10.tgz",
            "integrity": "sha512-o5Roy6tNG4SL/FOkCAN6RzjiakZS25RLYFrcMttJqbdd8BWrnA+fGz57iN5Pb06pvBGvl5gQ0B48dJlslXvoTg==",
            "requires": {
                "sprintf-js": "1.0.3"
            }
        },
        "asn1": {
            "version": "0.2.4",
            "resolved": "https://registry.npmjs.org/asn1/-/asn1-0.2.4.tgz",
            "integrity": "sha512-jxwzQpLQjSmWXgwaCZE9Nz+glAG01yF1QnWgbhGwHI5A6FRIEY6IVqtHhIepHqI7/kyEyQEagBC5mBEFlIYvdg==",
            "requires": {
                "safer-buffer": "2.1.2"
            }
        },
        "assert-plus": {
            "version": "1.0.0",
            "resolved": "https://registry.npmjs.org/assert-plus/-/assert-plus-1.0.0.tgz",
            "integrity": "sha1-8S4PPF13sLHN2RRpQuTpbB5N1SU="
        },
        "async": {
            "version": "0.9.2",
            "resolved": "https://registry.npmjs.org/async/-/async-0.9.2.tgz",
            "integrity": "sha1-rqdNXmHB+JlhO/ZL2mbUx48v0X0="
        },
        "asynckit": {
            "version": "0.4.0",
            "resolved": "https://registry.npmjs.org/asynckit/-/asynckit-0.4.0.tgz",
            "integrity": "sha1-x57Zf380y48robyXkLzDZkdLS3k="
        },
        "aws-sign2": {
            "version": "0.7.0",
            "resolved": "https://registry.npmjs.org/aws-sign2/-/aws-sign2-0.7.0.tgz",
            "integrity": "sha1-tG6JCTSpWR8tL2+G1+ap8bP+dqg="
        },
        "aws4": {
            "version": "1.9.0",
            "resolved": "https://registry.npmjs.org/aws4/-/aws4-1.9.0.tgz",
            "integrity": "sha512-Uvq6hVe90D0B2WEnUqtdgY1bATGz3mw33nH9Y+dmA+w5DHvUmBgkr5rM/KCHpCsiFNRUfokW/szpPPgMK2hm4A=="
        },
        "axios": {
            "version": "0.19.0",
            "resolved": "https://registry.npmjs.org/axios/-/axios-0.19.0.tgz",
            "integrity": "sha512-1uvKqKQta3KBxIz14F2v06AEHZ/dIoeKfbTRkK1E5oqjDnuEerLmYTgJB5AiQZHJcljpg1TuRzdjDR06qNk0DQ==",
            "requires": {
                "follow-redirects": "1.5.10",
                "is-buffer": "2.0.4"
            },
            "dependencies": {
                "is-buffer": {
                    "version": "2.0.4",
                    "resolved": "https://registry.npmjs.org/is-buffer/-/is-buffer-2.0.4.tgz",
                    "integrity": "sha512-Kq1rokWXOPXWuaMAqZiJW4XxsmD9zGx9q4aePabbn3qCRGedtH7Cm+zV8WETitMfu1wdh+Rvd6w5egwSngUX2A=="
                }
            }
        },
        "bcrypt-pbkdf": {
            "version": "1.0.2",
            "resolved": "https://registry.npmjs.org/bcrypt-pbkdf/-/bcrypt-pbkdf-1.0.2.tgz",
            "integrity": "sha1-pDAdOJtqQ/m2f/PKEaP2Y342Dp4=",
            "requires": {
                "tweetnacl": "0.14.5"
            }
        },
        "camelcase": {
            "version": "5.3.1",
            "resolved": "https://registry.npmjs.org/camelcase/-/camelcase-5.3.1.tgz",
            "integrity": "sha512-L28STB170nwWS63UjtlEOE3dldQApaJXZkOI1uMFfzf3rRuPegHaHesyee+YxQ+W6SvRDQV6UrdOdRiR153wJg=="
        },
        "caseless": {
            "version": "0.12.0",
            "resolved": "https://registry.npmjs.org/caseless/-/caseless-0.12.0.tgz",
            "integrity": "sha1-G2gcIf+EAzyCZUMJBolCDRhxUdw="
        },
        "center-align": {
            "version": "0.1.3",
            "resolved": "https://registry.npmjs.org/center-align/-/center-align-0.1.3.tgz",
            "integrity": "sha1-qg0yYptu6XIgBBHL1EYckHvCt60=",
            "requires": {
                "align-text": "0.1.4",
                "lazy-cache": "1.0.4"
            }
        },
        "cliui": {
            "version": "6.0.0",
            "resolved": "https://registry.npmjs.org/cliui/-/cliui-6.0.0.tgz",
            "integrity": "sha512-t6wbgtoCXvAzst7QgXxJYqPt0usEfbgQdftEPbLL/cvv6HPE5VgvqCuAIDR0NgU52ds6rFwqrgakNLrHEjCbrQ==",
            "requires": {
                "string-width": "4.2.0",
                "strip-ansi": "6.0.0",
                "wrap-ansi": "6.2.0"
            }
        },
        "color-convert": {
            "version": "2.0.1",
            "resolved": "https://registry.npmjs.org/color-convert/-/color-convert-2.0.1.tgz",
            "integrity": "sha512-RRECPsj7iu/xb5oKYcsFHSppFNnsj/52OVTRKb4zP5onXwVF3zVmmToNcOfGC+CRDpfK/U584fMg38ZHCaElKQ==",
            "requires": {
                "color-name": "1.1.4"
            }
        },
        "color-name": {
            "version": "1.1.4",
            "resolved": "https://registry.npmjs.org/color-name/-/color-name-1.1.4.tgz",
            "integrity": "sha512-dOy+3AuW3a2wNbZHIuMZpTcgjGuLU/uBL/ubcZF9OXbDo8ff4O8yVp5Bf0efS8uEoYo5q4Fx7dY9OgQGXgAsQA=="
        },
        "combined-stream": {
            "version": "1.0.8",
            "resolved": "https://registry.npmjs.org/combined-stream/-/combined-stream-1.0.8.tgz",
            "integrity": "sha512-FQN4MRfuJeHf7cBbBMJFXhKSDq+2kAArBlmRBvcvFE5BB1HZKXtSFASDhdlz9zOYwxh8lDdnvmMOe/+5cdoEdg==",
            "requires": {
                "delayed-stream": "1.0.0"
            }
        },
        "commander": {
            "version": "2.20.3",
            "resolved": "https://registry.npmjs.org/commander/-/commander-2.20.3.tgz",
            "integrity": "sha512-GpVkmM8vF2vQUkj2LvZmD35JxeJOLCwJ9cUkugyk2nuhbv3+mJvpLYYt+0+USMxE+oj+ey/lJEnhZw75x/OMcQ==",
            "optional": true
        },
        "core-util-is": {
            "version": "1.0.2",
            "resolved": "https://registry.npmjs.org/core-util-is/-/core-util-is-1.0.2.tgz",
            "integrity": "sha1-tf1UIgqivFq1eqtxQMlAdUUDwac="
        },
        "dashdash": {
            "version": "1.14.1",
            "resolved": "https://registry.npmjs.org/dashdash/-/dashdash-1.14.1.tgz",
            "integrity": "sha1-hTz6D3y+L+1d4gMmuN1YEDX24vA=",
            "requires": {
                "assert-plus": "1.0.0"
            }
        },
        "debug": {
            "version": "3.1.0",
            "resolved": "https://registry.npmjs.org/debug/-/debug-3.1.0.tgz",
            "integrity": "sha512-OX8XqP7/1a9cqkxYw2yXss15f26NKWBpDXQd0/uK/KPqdQhxbPa994hnzjcE2VqQpDslf55723cKPUOGSmMY3g==",
            "requires": {
                "ms": "2.0.0"
            }
        },
        "decamelize": {
            "version": "1.2.0",
            "resolved": "https://registry.npmjs.org/decamelize/-/decamelize-1.2.0.tgz",
            "integrity": "sha1-9lNNFRSCabIDUue+4m9QH5oZEpA="
        },
        "delayed-stream": {
            "version": "1.0.0",
            "resolved": "https://registry.npmjs.org/delayed-stream/-/delayed-stream-1.0.0.tgz",
            "integrity": "sha1-3zrhmayt+31ECqrgsp4icrJOxhk="
        },
        "ecc-jsbn": {
            "version": "0.1.2",
            "resolved": "https://registry.npmjs.org/ecc-jsbn/-/ecc-jsbn-0.1.2.tgz",
            "integrity": "sha1-OoOpBOVDUyh4dMVkt1SThoSamMk=",
            "requires": {
                "jsbn": "0.1.1",
                "safer-buffer": "2.1.2"
            }
        },
        "emoji-regex": {
            "version": "8.0.0",
            "resolved": "https://registry.npmjs.org/emoji-regex/-/emoji-regex-8.0.0.tgz",
            "integrity": "sha512-MSjYzcWNOA0ewAHpz0MxpYFvwg6yjy1NG3xteoqz644VCo/RPgnr1/GGt+ic3iJTzQ8Eu3TdM14SawnVUmGE6A=="
        },
        "entities": {
            "version": "2.0.0",
            "resolved": "https://registry.npmjs.org/entities/-/entities-2.0.0.tgz",
            "integrity": "sha512-D9f7V0JSRwIxlRI2mjMqufDrRDnx8p+eEOz7aUM9SuvF8gsBzra0/6tbjl1m8eQHrZlYj6PxqE00hZ1SAIKPLw=="
        },
        "extend": {
            "version": "3.0.2",
            "resolved": "https://registry.npmjs.org/extend/-/extend-3.0.2.tgz",
            "integrity": "sha512-fjquC59cD7CyW6urNXK0FBufkZcoiGG80wTuPujX590cB5Ttln20E2UB4S/WARVqhXffZl2LNgS+gQdPIIim/g=="
        },
        "extsprintf": {
            "version": "1.3.0",
            "resolved": "https://registry.npmjs.org/extsprintf/-/extsprintf-1.3.0.tgz",
            "integrity": "sha1-lpGEQOMEGnpBT4xS48V06zw+HgU="
        },
        "fast-deep-equal": {
            "version": "2.0.1",
            "resolved": "https://registry.npmjs.org/fast-deep-equal/-/fast-deep-equal-2.0.1.tgz",
            "integrity": "sha1-ewUhjd+WZ79/Nwv3/bLLFf3Qqkk="
        },
        "fast-json-stable-stringify": {
            "version": "2.0.0",
            "resolved": "https://registry.npmjs.org/fast-json-stable-stringify/-/fast-json-stable-stringify-2.0.0.tgz",
            "integrity": "sha1-1RQsDK7msRifh9OnYREGT4bIu/I="
        },
        "find-up": {
            "version": "4.1.0",
            "resolved": "https://registry.npmjs.org/find-up/-/find-up-4.1.0.tgz",
            "integrity": "sha512-PpOwAdQ/YlXQ2vj8a3h8IipDuYRi3wceVQQGYWxNINccq40Anw7BlsEXCMbt1Zt+OLA6Fq9suIpIWD0OsnISlw==",
            "requires": {
                "locate-path": "5.0.0",
                "path-exists": "4.0.0"
            }
        },
        "flatten": {
            "version": "0.0.1",
            "resolved": "https://registry.npmjs.org/flatten/-/flatten-0.0.1.tgz",
            "integrity": "sha1-VURAdm2goNYDmZ9DNFP2wvxqdcE="
        },
        "follow-redirects": {
            "version": "1.5.10",
            "resolved": "https://registry.npmjs.org/follow-redirects/-/follow-redirects-1.5.10.tgz",
            "integrity": "sha512-0V5l4Cizzvqt5D44aTXbFZz+FtyXV1vrDN6qrelxtfYQKW0KO0W2T/hkE8xvGa/540LkZlkaUjO4ailYTFtHVQ==",
            "requires": {
                "debug": "3.1.0"
            }
        },
        "forever-agent": {
            "version": "0.6.1",
            "resolved": "https://registry.npmjs.org/forever-agent/-/forever-agent-0.6.1.tgz",
            "integrity": "sha1-+8cfDEGt6zf5bFd60e1C2P2sypE="
        },
        "form-data": {
            "version": "3.0.0",
            "resolved": "https://registry.npmjs.org/form-data/-/form-data-3.0.0.tgz",
            "integrity": "sha512-CKMFDglpbMi6PyN+brwB9Q/GOw0eAnsrEZDgcsH5Krhz5Od/haKHAX0NmQfha2zPPz0JpWzA7GJHGSnvCRLWsg==",
            "requires": {
                "asynckit": "0.4.0",
                "combined-stream": "1.0.8",
                "mime-types": "2.1.25"
            }
        },
        "get-caller-file": {
            "version": "2.0.5",
            "resolved": "https://registry.npmjs.org/get-caller-file/-/get-caller-file-2.0.5.tgz",
            "integrity": "sha512-DyFP3BM/3YHTQOCUL/w0OZHR0lpKeGrxotcHWcqNEdnltqFwXVfhEBQ94eIo34AfQpo0rGki4cyIiftY06h2Fg=="
        },
        "getpass": {
            "version": "0.1.7",
            "resolved": "https://registry.npmjs.org/getpass/-/getpass-0.1.7.tgz",
            "integrity": "sha1-Xv+OPmhNVprkyysSgmBOi6YhSfo=",
            "requires": {
                "assert-plus": "1.0.0"
            }
        },
        "handlebars": {
            "version": "4.5.3",
            "resolved": "https://registry.npmjs.org/handlebars/-/handlebars-4.5.3.tgz",
            "integrity": "sha512-3yPecJoJHK/4c6aZhSvxOyG4vJKDshV36VHp0iVCDVh7o9w2vwi3NSnL2MMPj3YdduqaBcu7cGbggJQM0br9xA==",
            "requires": {
                "neo-async": "2.6.1",
                "optimist": "0.6.1",
                "source-map": "0.6.1",
                "uglify-js": "3.7.1"
            }
        },
        "har-schema": {
            "version": "2.0.0",
            "resolved": "https://registry.npmjs.org/har-schema/-/har-schema-2.0.0.tgz",
            "integrity": "sha1-qUwiJOvKwEeCoNkDVSHyRzW37JI="
        },
        "har-validator": {
            "version": "5.1.3",
            "resolved": "https://registry.npmjs.org/har-validator/-/har-validator-5.1.3.tgz",
            "integrity": "sha512-sNvOCzEQNr/qrvJgc3UG/kD4QtlHycrzwS+6mfTrrSq97BvaYcPZZI1ZSqGSPR73Cxn4LKTD4PttRwfU7jWq5g==",
            "requires": {
                "ajv": "6.10.2",
                "har-schema": "2.0.0"
            }
        },
        "http-signature": {
            "version": "1.2.0",
            "resolved": "https://registry.npmjs.org/http-signature/-/http-signature-1.2.0.tgz",
            "integrity": "sha1-muzZJRFHcvPZW2WmCruPfBj7rOE=",
            "requires": {
                "assert-plus": "1.0.0",
                "jsprim": "1.4.1",
                "sshpk": "1.16.1"
            }
        },
        "ini": {
            "version": "1.3.5",
            "resolved": "https://registry.npmjs.org/ini/-/ini-1.3.5.tgz",
            "integrity": "sha512-RZY5huIKCMRWDUqZlEi72f/lmXKMvuszcMBduliQ3nnWbx9X/ZBQO7DijMEYS9EhHBb2qacRUMtC7svLwe0lcw=="
        },
        "is-buffer": {
            "version": "1.1.6",
            "resolved": "https://registry.npmjs.org/is-buffer/-/is-buffer-1.1.6.tgz",
            "integrity": "sha512-NcdALwpXkTm5Zvvbk7owOUSvVvBKDgKP5/ewfXEznmQFfs4ZRmanOeKBTjRVjka3QFoN6XJ+9F3USqfHqTaU5w=="
        },
        "is-fullwidth-code-point": {
            "version": "3.0.0",
            "resolved": "https://registry.npmjs.org/is-fullwidth-code-point/-/is-fullwidth-code-point-3.0.0.tgz",
            "integrity": "sha512-zymm5+u+sCsSWyD9qNaejV3DFvhCKclKdizYaJUuHA83RLjb7nSuGnddCHGv0hk+KY7BMAlsWeK4Ueg6EV6XQg=="
        },
        "is-typedarray": {
            "version": "1.0.0",
            "resolved": "https://registry.npmjs.org/is-typedarray/-/is-typedarray-1.0.0.tgz",
            "integrity": "sha1-5HnICFjfDBsR3dppQPlgEfzaSpo="
        },
        "isstream": {
            "version": "0.1.2",
            "resolved": "https://registry.npmjs.org/isstream/-/isstream-0.1.2.tgz",
            "integrity": "sha1-R+Y/evVa+m+S4VAOaQ64uFKcCZo="
        },
        "jsbn": {
            "version": "0.1.1",
            "resolved": "https://registry.npmjs.org/jsbn/-/jsbn-0.1.1.tgz",
            "integrity": "sha1-peZUwuWi3rXyAdls77yoDA7y9RM="
        },
        "json-schema": {
            "version": "0.2.3",
            "resolved": "https://registry.npmjs.org/json-schema/-/json-schema-0.2.3.tgz",
            "integrity": "sha1-tIDIkuWaLwWVTOcnvT8qTogvnhM="
        },
        "json-schema-traverse": {
            "version": "0.4.1",
            "resolved": "https://registry.npmjs.org/json-schema-traverse/-/json-schema-traverse-0.4.1.tgz",
            "integrity": "sha512-xbbCH5dCYU5T8LcEhhuh7HJ88HXuW3qsI3Y0zOZFKfZEHcpWiHU/Jxzk629Brsab/mMiHQti9wMP+845RPe3Vg=="
        },
        "json-stringify-safe": {
            "version": "5.0.1",
            "resolved": "https://registry.npmjs.org/json-stringify-safe/-/json-stringify-safe-5.0.1.tgz",
            "integrity": "sha1-Epai1Y/UXxmg9s4B1lcB4sc1tus="
        },
        "jsprim": {
            "version": "1.4.1",
            "resolved": "https://registry.npmjs.org/jsprim/-/jsprim-1.4.1.tgz",
            "integrity": "sha1-MT5mvB5cwG5Di8G3SZwuXFastqI=",
            "requires": {
                "assert-plus": "1.0.0",
                "extsprintf": "1.3.0",
                "json-schema": "0.2.3",
                "verror": "1.10.0"
            }
        },
        "kind-of": {
            "version": "3.2.2",
            "resolved": "https://registry.npmjs.org/kind-of/-/kind-of-3.2.2.tgz",
            "integrity": "sha1-MeohpzS6ubuw8yRm2JOupR5KPGQ=",
            "requires": {
                "is-buffer": "1.1.6"
            }
        },
        "lazy-cache": {
            "version": "1.0.4",
            "resolved": "https://registry.npmjs.org/lazy-cache/-/lazy-cache-1.0.4.tgz",
            "integrity": "sha1-odePw6UEdMuAhF07O24dpJpEbo4="
        },
        "linkify-it": {
            "version": "2.2.0",
            "resolved": "https://registry.npmjs.org/linkify-it/-/linkify-it-2.2.0.tgz",
            "integrity": "sha512-GnAl/knGn+i1U/wjBz3akz2stz+HrHLsxMwHQGofCDfPvlf+gDKN58UtfmUquTY4/MXeE2x7k19KQmeoZi94Iw==",
            "requires": {
                "uc.micro": "1.0.6"
            }
        },
        "locate-path": {
            "version": "5.0.0",
            "resolved": "https://registry.npmjs.org/locate-path/-/locate-path-5.0.0.tgz",
            "integrity": "sha512-t7hw9pI+WvuwNJXwk5zVHpyhIqzg2qTlklJOf0mVxGSbe3Fp2VieZcduNYjaLDoy6p9uGpQEGWG87WpMKlNq8g==",
            "requires": {
                "p-locate": "4.1.0"
            }
        },
        "longest": {
            "version": "1.0.1",
            "resolved": "https://registry.npmjs.org/longest/-/longest-1.0.1.tgz",
            "integrity": "sha1-MKCy2jj3N3DoKUoNIuZiXtd9AJc="
        },
        "markdown-it": {
            "version": "10.0.0",
            "resolved": "https://registry.npmjs.org/markdown-it/-/markdown-it-10.0.0.tgz",
            "integrity": "sha512-YWOP1j7UbDNz+TumYP1kpwnP0aEa711cJjrAQrzd0UXlbJfc5aAq0F/PZHjiioqDC1NKgvIMX+o+9Bk7yuM2dg==",
            "requires": {
                "argparse": "1.0.10",
                "entities": "2.0.0",
                "linkify-it": "2.2.0",
                "mdurl": "1.0.1",
                "uc.micro": "1.0.6"
            }
        },
        "mdurl": {
            "version": "1.0.1",
            "resolved": "https://registry.npmjs.org/mdurl/-/mdurl-1.0.1.tgz",
            "integrity": "sha1-/oWy7HWlkDfyrf7BAP1sYBdhFS4="
        },
        "mime-db": {
            "version": "1.42.0",
            "resolved": "https://registry.npmjs.org/mime-db/-/mime-db-1.42.0.tgz",
            "integrity": "sha512-UbfJCR4UAVRNgMpfImz05smAXK7+c+ZntjaA26ANtkXLlOe947Aag5zdIcKQULAiF9Cq4WxBi9jUs5zkA84bYQ=="
        },
        "mime-types": {
            "version": "2.1.25",
            "resolved": "https://registry.npmjs.org/mime-types/-/mime-types-2.1.25.tgz",
            "integrity": "sha512-5KhStqB5xpTAeGqKBAMgwaYMnQik7teQN4IAzC7npDv6kzeU6prfkR67bc87J1kWMPGkoaZSq1npmexMgkmEVg==",
            "requires": {
                "mime-db": "1.42.0"
            }
        },
        "minimist": {
            "version": "0.0.10",
            "resolved": "https://registry.npmjs.org/minimist/-/minimist-0.0.10.tgz",
            "integrity": "sha1-3j+YVD2/lggr5IrRoMfNqDYwHc8="
        },
        "ms": {
            "version": "2.0.0",
            "resolved": "https://registry.npmjs.org/ms/-/ms-2.0.0.tgz",
            "integrity": "sha1-VgiurfwAvmwpAd9fmGF4jeDVl8g="
        },
        "nconf": {
            "version": "0.7.2",
            "resolved": "https://registry.npmjs.org/nconf/-/nconf-0.7.2.tgz",
            "integrity": "sha1-oF/fItwBw3jdXE3yfy3JC5qouwA=",
            "requires": {
                "async": "0.9.2",
                "ini": "1.3.5",
                "yargs": "3.15.0"
            },
            "dependencies": {
                "camelcase": {
                    "version": "1.2.1",
                    "resolved": "https://registry.npmjs.org/camelcase/-/camelcase-1.2.1.tgz",
                    "integrity": "sha1-m7UwTS4LVmmLLHWLCKPqqdqlijk="
                },
                "cliui": {
                    "version": "2.1.0",
                    "resolved": "https://registry.npmjs.org/cliui/-/cliui-2.1.0.tgz",
                    "integrity": "sha1-S0dXYP+AJkx2LDoXGQMukcf+oNE=",
                    "requires": {
                        "center-align": "0.1.3",
                        "right-align": "0.1.3",
                        "wordwrap": "0.0.2"
                    }
                },
                "yargs": {
                    "version": "3.15.0",
                    "resolved": "https://registry.npmjs.org/yargs/-/yargs-3.15.0.tgz",
                    "integrity": "sha1-PZRG7yH7N5GzmFaQZi5LloPH8YE=",
                    "requires": {
                        "camelcase": "1.2.1",
                        "cliui": "2.1.0",
                        "decamelize": "1.2.0",
                        "window-size": "0.1.4"
                    }
                }
            }
        },
        "neo-async": {
            "version": "2.6.1",
            "resolved": "https://registry.npmjs.org/neo-async/-/neo-async-2.6.1.tgz",
            "integrity": "sha512-iyam8fBuCUpWeKPGpaNMetEocMt364qkCsfL9JuhjXX6dRnguRVOfk2GZaDpPjcOKiiXCPINZC1GczQ7iTq3Zw=="
        },
        "node-zendesk": {
            "version": "1.4.0",
            "resolved": "https://registry.npmjs.org/node-zendesk/-/node-zendesk-1.4.0.tgz",
            "integrity": "sha512-/RvjA68ESIw/xuVgwjmiw44T5JvYzyNabhbKSnH0PZf04qGZ/0nopdSP6t4+5pxH+mEfbwMqWN8wInt0hm/Yfg==",
            "requires": {
                "async": "0.9.2",
                "flatten": "0.0.1",
                "nconf": "0.7.2",
                "querystring": "0.2.0",
                "request": "2.88.0"
            }
        },
        "oauth-sign": {
            "version": "0.9.0",
            "resolved": "https://registry.npmjs.org/oauth-sign/-/oauth-sign-0.9.0.tgz",
            "integrity": "sha512-fexhUFFPTGV8ybAtSIGbV6gOkSv8UtRbDBnAyLQw4QPKkgNlsH2ByPGtMUqdWkos6YCRmAqViwgZrJc/mRDzZQ=="
        },
        "optimist": {
            "version": "0.6.1",
            "resolved": "https://registry.npmjs.org/optimist/-/optimist-0.6.1.tgz",
            "integrity": "sha1-2j6nRob6IaGaERwybpDrFaAZZoY=",
            "requires": {
                "minimist": "0.0.10",
                "wordwrap": "0.0.2"
            }
        },
        "p-limit": {
            "version": "2.2.1",
            "resolved": "https://registry.npmjs.org/p-limit/-/p-limit-2.2.1.tgz",
            "integrity": "sha512-85Tk+90UCVWvbDavCLKPOLC9vvY8OwEX/RtKF+/1OADJMVlFfEHOiMTPVyxg7mk/dKa+ipdHm0OUkTvCpMTuwg==",
            "requires": {
                "p-try": "2.2.0"
            }
        },
        "p-locate": {
            "version": "4.1.0",
            "resolved": "https://registry.npmjs.org/p-locate/-/p-locate-4.1.0.tgz",
            "integrity": "sha512-R79ZZ/0wAxKGu3oYMlz8jy/kbhsNrS7SKZ7PxEHBgJ5+F2mtFW2fK2cOtBh1cHYkQsbzFV7I+EoRKe6Yt0oK7A==",
            "requires": {
                "p-limit": "2.2.1"
            }
        },
        "p-try": {
            "version": "2.2.0",
            "resolved": "https://registry.npmjs.org/p-try/-/p-try-2.2.0.tgz",
            "integrity": "sha512-R4nPAVTAU0B9D35/Gk3uJf/7XYbQcyohSKdvAxIRSNghFl4e71hVoGnBNQz9cWaXxO2I10KTC+3jMdvvoKw6dQ=="
        },
        "path-exists": {
            "version": "4.0.0",
            "resolved": "https://registry.npmjs.org/path-exists/-/path-exists-4.0.0.tgz",
            "integrity": "sha512-ak9Qy5Q7jYb2Wwcey5Fpvg2KoAc/ZIhLSLOSBmRmygPsGwkVVt0fZa0qrtMz+m6tJTAHfZQ8FnmB4MG4LWy7/w=="
        },
        "performance-now": {
            "version": "2.1.0",
            "resolved": "https://registry.npmjs.org/performance-now/-/performance-now-2.1.0.tgz",
            "integrity": "sha1-Ywn04OX6kT7BxpMHrjZLSzd8nns="
        },
        "psl": {
            "version": "1.5.0",
            "resolved": "https://registry.npmjs.org/psl/-/psl-1.5.0.tgz",
            "integrity": "sha512-4vqUjKi2huMu1OJiLhi3jN6jeeKvMZdI1tYgi/njW5zV52jNLgSAZSdN16m9bJFe61/cT8ulmw4qFitV9QRsEA=="
        },
        "punycode": {
            "version": "2.1.1",
            "resolved": "https://registry.npmjs.org/punycode/-/punycode-2.1.1.tgz",
            "integrity": "sha512-XRsRjdf+j5ml+y/6GKHPZbrF/8p2Yga0JPtdqTIY2Xe5ohJPD9saDJJLPvp9+NSBprVvevdXZybnj2cv8OEd0A=="
        },
        "qs": {
            "version": "6.5.2",
            "resolved": "https://registry.npmjs.org/qs/-/qs-6.5.2.tgz",
            "integrity": "sha512-N5ZAX4/LxJmF+7wN74pUD6qAh9/wnvdQcjq9TZjevvXzSUo7bfmw91saqMjzGS2xq91/odN2dW/WOl7qQHNDGA=="
        },
        "querystring": {
            "version": "0.2.0",
            "resolved": "https://registry.npmjs.org/querystring/-/querystring-0.2.0.tgz",
            "integrity": "sha1-sgmEkgO7Jd+CDadW50cAWHhSFiA="
        },
        "repeat-string": {
            "version": "1.6.1",
            "resolved": "https://registry.npmjs.org/repeat-string/-/repeat-string-1.6.1.tgz",
            "integrity": "sha1-jcrkcOHIirwtYA//Sndihtp15jc="
        },
        "request": {
            "version": "2.88.0",
            "resolved": "https://registry.npmjs.org/request/-/request-2.88.0.tgz",
            "integrity": "sha512-NAqBSrijGLZdM0WZNsInLJpkJokL72XYjUpnB0iwsRgxh7dB6COrHnTBNwN0E+lHDAJzu7kLAkDeY08z2/A0hg==",
            "requires": {
                "aws-sign2": "0.7.0",
                "aws4": "1.9.0",
                "caseless": "0.12.0",
                "combined-stream": "1.0.8",
                "extend": "3.0.2",
                "forever-agent": "0.6.1",
                "form-data": "2.3.3",
                "har-validator": "5.1.3",
                "http-signature": "1.2.0",
                "is-typedarray": "1.0.0",
                "isstream": "0.1.2",
                "json-stringify-safe": "5.0.1",
                "mime-types": "2.1.25",
                "oauth-sign": "0.9.0",
                "performance-now": "2.1.0",
                "qs": "6.5.2",
                "safe-buffer": "5.2.0",
                "tough-cookie": "2.4.3",
                "tunnel-agent": "0.6.0",
                "uuid": "3.3.3"
            },
            "dependencies": {
                "form-data": {
                    "version": "2.3.3",
                    "resolved": "https://registry.npmjs.org/form-data/-/form-data-2.3.3.tgz",
                    "integrity": "sha512-1lLKB2Mu3aGP1Q/2eCOx0fNbRMe7XdwktwOruhfqqd0rIJWwN4Dh+E3hrPSlDCXnSR7UtZ1N38rVXm+6+MEhJQ==",
                    "requires": {
                        "asynckit": "0.4.0",
                        "combined-stream": "1.0.8",
                        "mime-types": "2.1.25"
                    }
                }
            }
        },
        "require-directory": {
            "version": "2.1.1",
            "resolved": "https://registry.npmjs.org/require-directory/-/require-directory-2.1.1.tgz",
            "integrity": "sha1-jGStX9MNqxyXbiNE/+f3kqam30I="
        },
        "require-main-filename": {
            "version": "2.0.0",
            "resolved": "https://registry.npmjs.org/require-main-filename/-/require-main-filename-2.0.0.tgz",
            "integrity": "sha512-NKN5kMDylKuldxYLSUfrbo5Tuzh4hd+2E8NPPX02mZtn1VuREQToYe/ZdlJy+J3uCpfaiGF05e7B8W0iXbQHmg=="
        },
        "right-align": {
            "version": "0.1.3",
            "resolved": "https://registry.npmjs.org/right-align/-/right-align-0.1.3.tgz",
            "integrity": "sha1-YTObci/mo1FWiSENJOFMlhSGE+8=",
            "requires": {
                "align-text": "0.1.4"
            }
        },
        "safe-buffer": {
            "version": "5.2.0",
            "resolved": "https://registry.npmjs.org/safe-buffer/-/safe-buffer-5.2.0.tgz",
            "integrity": "sha512-fZEwUGbVl7kouZs1jCdMLdt95hdIv0ZeHg6L7qPeciMZhZ+/gdesW4wgTARkrFWEpspjEATAzUGPG8N2jJiwbg=="
        },
        "safer-buffer": {
            "version": "2.1.2",
            "resolved": "https://registry.npmjs.org/safer-buffer/-/safer-buffer-2.1.2.tgz",
            "integrity": "sha512-YZo3K82SD7Riyi0E1EQPojLz7kpepnSQI9IyPbHHg1XXXevb5dJI7tpyN2ADxGcQbHG7vcyRHk0cbwqcQriUtg=="
        },
        "set-blocking": {
            "version": "2.0.0",
            "resolved": "https://registry.npmjs.org/set-blocking/-/set-blocking-2.0.0.tgz",
            "integrity": "sha1-BF+XgtARrppoA93TgrJDkrPYkPc="
        },
        "source-map": {
            "version": "0.6.1",
            "resolved": "https://registry.npmjs.org/source-map/-/source-map-0.6.1.tgz",
            "integrity": "sha512-UjgapumWlbMhkBgzT7Ykc5YXUT46F0iKu8SGXq0bcwP5dz/h0Plj6enJqjz1Zbq2l5WaqYnrVbwWOWMyF3F47g=="
        },
        "sprintf-js": {
            "version": "1.0.3",
            "resolved": "https://registry.npmjs.org/sprintf-js/-/sprintf-js-1.0.3.tgz",
            "integrity": "sha1-BOaSb2YolTVPPdAVIDYzuFcpfiw="
        },
        "sshpk": {
            "version": "1.16.1",
            "resolved": "https://registry.npmjs.org/sshpk/-/sshpk-1.16.1.tgz",
            "integrity": "sha512-HXXqVUq7+pcKeLqqZj6mHFUMvXtOJt1uoUx09pFW6011inTMxqI8BA8PM95myrIyyKwdnzjdFjLiE6KBPVtJIg==",
            "requires": {
                "asn1": "0.2.4",
                "assert-plus": "1.0.0",
                "bcrypt-pbkdf": "1.0.2",
                "dashdash": "1.14.1",
                "ecc-jsbn": "0.1.2",
                "getpass": "0.1.7",
                "jsbn": "0.1.1",
                "safer-buffer": "2.1.2",
                "tweetnacl": "0.14.5"
            }
        },
        "string-width": {
            "version": "4.2.0",
            "resolved": "https://registry.npmjs.org/string-width/-/string-width-4.2.0.tgz",
            "integrity": "sha512-zUz5JD+tgqtuDjMhwIg5uFVV3dtqZ9yQJlZVfq4I01/K5Paj5UHj7VyrQOJvzawSVlKpObApbfD0Ed6yJc+1eg==",
            "requires": {
                "emoji-regex": "8.0.0",
                "is-fullwidth-code-point": "3.0.0",
                "strip-ansi": "6.0.0"
            }
        },
        "strip-ansi": {
            "version": "6.0.0",
            "resolved": "https://registry.npmjs.org/strip-ansi/-/strip-ansi-6.0.0.tgz",
            "integrity": "sha512-AuvKTrTfQNYNIctbR1K/YGTR1756GycPsg7b9bdV9Duqur4gv6aKqHXah67Z8ImS7WEz5QVcOtlfW2rZEugt6w==",
            "requires": {
                "ansi-regex": "5.0.0"
            }
        },
        "tough-cookie": {
            "version": "2.4.3",
            "resolved": "https://registry.npmjs.org/tough-cookie/-/tough-cookie-2.4.3.tgz",
            "integrity": "sha512-Q5srk/4vDM54WJsJio3XNn6K2sCG+CQ8G5Wz6bZhRZoAe/+TxjWB/GlFAnYEbkYVlON9FMk/fE3h2RLpPXo4lQ==",
            "requires": {
                "psl": "1.5.0",
                "punycode": "1.4.1"
            },
            "dependencies": {
                "punycode": {
                    "version": "1.4.1",
                    "resolved": "https://registry.npmjs.org/punycode/-/punycode-1.4.1.tgz",
                    "integrity": "sha1-wNWmOycYgArY4esPpSachN1BhF4="
                }
            }
        },
        "tunnel-agent": {
            "version": "0.6.0",
            "resolved": "https://registry.npmjs.org/tunnel-agent/-/tunnel-agent-0.6.0.tgz",
            "integrity": "sha1-J6XeoGs2sEoKmWZ3SykIaPD8QP0=",
            "requires": {
                "safe-buffer": "5.2.0"
            }
        },
        "tweetnacl": {
            "version": "0.14.5",
            "resolved": "https://registry.npmjs.org/tweetnacl/-/tweetnacl-0.14.5.tgz",
            "integrity": "sha1-WuaBd/GS1EViadEIr6k/+HQ/T2Q="
        },
        "uc.micro": {
            "version": "1.0.6",
            "resolved": "https://registry.npmjs.org/uc.micro/-/uc.micro-1.0.6.tgz",
            "integrity": "sha512-8Y75pvTYkLJW2hWQHXxoqRgV7qb9B+9vFEtidML+7koHUFapnVJAZ6cKs+Qjz5Aw3aZWHMC6u0wJE3At+nSGwA=="
        },
        "uglify-js": {
            "version": "3.7.1",
            "resolved": "https://registry.npmjs.org/uglify-js/-/uglify-js-3.7.1.tgz",
            "integrity": "sha512-pnOF7jY82wdIhATVn87uUY/FHU+MDUdPLkmGFvGoclQmeu229eTkbG5gjGGBi3R7UuYYSEeYXY/TTY5j2aym2g==",
            "optional": true,
            "requires": {
                "commander": "2.20.3",
                "source-map": "0.6.1"
            }
        },
        "uri-js": {
            "version": "4.2.2",
            "resolved": "https://registry.npmjs.org/uri-js/-/uri-js-4.2.2.tgz",
            "integrity": "sha512-KY9Frmirql91X2Qgjry0Wd4Y+YTdrdZheS8TFwvkbLWf/G5KNJDCh6pKL5OZctEW4+0Baa5idK2ZQuELRwPznQ==",
            "requires": {
                "punycode": "2.1.1"
            }
        },
        "uuid": {
            "version": "3.3.3",
            "resolved": "https://registry.npmjs.org/uuid/-/uuid-3.3.3.tgz",
            "integrity": "sha512-pW0No1RGHgzlpHJO1nsVrHKpOEIxkGg1xB+v0ZmdNH5OAeAwzAVrCnI2/6Mtx+Uys6iaylxa+D3g4j63IKKjSQ=="
        },
        "verror": {
            "version": "1.10.0",
            "resolved": "https://registry.npmjs.org/verror/-/verror-1.10.0.tgz",
            "integrity": "sha1-OhBcoXBTr1XW4nDB+CiGguGNpAA=",
            "requires": {
                "assert-plus": "1.0.0",
                "core-util-is": "1.0.2",
                "extsprintf": "1.3.0"
            }
        },
        "which-module": {
            "version": "2.0.0",
            "resolved": "https://registry.npmjs.org/which-module/-/which-module-2.0.0.tgz",
            "integrity": "sha1-2e8H3Od7mQK4o6j6SzHD4/fm6Ho="
        },
        "window-size": {
            "version": "0.1.4",
            "resolved": "https://registry.npmjs.org/window-size/-/window-size-0.1.4.tgz",
            "integrity": "sha1-+OGqHuWlPsW/FR/6CXQqatdpeHY="
        },
        "wordwrap": {
            "version": "0.0.2",
            "resolved": "https://registry.npmjs.org/wordwrap/-/wordwrap-0.0.2.tgz",
            "integrity": "sha1-t5Zpu0LstAn4PVg8rVLKF+qhZD8="
        },
        "wrap-ansi": {
            "version": "6.2.0",
            "resolved": "https://registry.npmjs.org/wrap-ansi/-/wrap-ansi-6.2.0.tgz",
            "integrity": "sha512-r6lPcBGxZXlIcymEu7InxDMhdW0KDxpLgoFLcguasxCaJ/SOIZwINatK9KY/tf+ZrlywOKU0UDj3ATXUBfxJXA==",
            "requires": {
                "ansi-styles": "4.2.0",
                "string-width": "4.2.0",
                "strip-ansi": "6.0.0"
            }
        },
        "y18n": {
            "version": "4.0.0",
            "resolved": "https://registry.npmjs.org/y18n/-/y18n-4.0.0.tgz",
            "integrity": "sha512-r9S/ZyXu/Xu9q1tYlpsLIsa3EeLXXk0VwlxqTcFRfg9EhMW+17kbt9G0NrgCmhGb5vT2hyhJZLfDGx+7+5Uj/w=="
        },
        "yargs": {
            "version": "15.0.2",
            "resolved": "https://registry.npmjs.org/yargs/-/yargs-15.0.2.tgz",
            "integrity": "sha512-GH/X/hYt+x5hOat4LMnCqMd8r5Cv78heOMIJn1hr7QPPBqfeC6p89Y78+WB9yGDvfpCvgasfmWLzNzEioOUD9Q==",
            "requires": {
                "cliui": "6.0.0",
                "decamelize": "1.2.0",
                "find-up": "4.1.0",
                "get-caller-file": "2.0.5",
                "require-directory": "2.1.1",
                "require-main-filename": "2.0.0",
                "set-blocking": "2.0.0",
                "string-width": "4.2.0",
                "which-module": "2.0.0",
                "y18n": "4.0.0",
                "yargs-parser": "16.1.0"
            }
        },
        "yargs-parser": {
            "version": "16.1.0",
            "resolved": "https://registry.npmjs.org/yargs-parser/-/yargs-parser-16.1.0.tgz",
            "integrity": "sha512-H/V41UNZQPkUMIT5h5hiwg4QKIY1RPvoBV4XcjUbRM8Bk2oKqqyZ0DIEbTFZB0XjbtSPG8SAa/0DxCQmiRgzKg==",
            "requires": {
                "camelcase": "5.3.1",
                "decamelize": "1.2.0"
            }
        }
    }
}
