{
    "name": "title-case-fixer",
    "version": "0.0.1",
    "lockfileVersion": 2,
    "requires": true,
    "packages": {
        "": {
            "name": "title-case-fixer",
            "version": "0.0.1",
            "license": "MIT",
            "engines": {
                "node": ">=16.13.0"
            }
        }
    }
}
